
Microsoft Visual Studio Solution File, Format Version 12.00
# Visual Studio Version 16
VisualStudioVersion = 16.0.29806.167
MinimumVisualStudioVersion = 10.0.40219.1
Project("{9A19103F-16F7-4668-BE54-9A1E7A4F7556}") = "lab1", "lab1\lab1.csproj", "{9F29A66A-4B8C-4FC8-B653-9831D28A8795}"
EndProject
Project("{9A19103F-16F7-4668-BE54-9A1E7A4F7556}") = "lab2", "lab2\lab2.csproj", "{417F1506-7E9C-4C8A-AFB1-BFB663D8A86A}"
EndProject
Project("{9A19103F-16F7-4668-BE54-9A1E7A4F7556}") = "lab3", "lab3\lab3.csproj", "{ABF29D29-152E-4FF0-9E90-F6A41EBC23FF}"
EndProject
Project("{9A19103F-16F7-4668-BE54-9A1E7A4F7556}") = "lab4", "lab4\lab4.csproj", "{0F8FC4B4-3DBA-4271-B006-F33580C953A7}"
EndProject
Project("{9A19103F-16F7-4668-BE54-9A1E7A4F7556}") = "lab5", "lab5\lab5.csproj", "{7E554F29-72AB-4B92-ADA5-3F3219065F74}"
EndProject
Project("{FAE04EC0-301F-11D3-BF4B-00C04F79EFBC}") = "lab6", "lab6\lab6.csproj", "{B921C42B-CAA7-44FD-B83C-358CB0497E3E}"
EndProject
Project("{FAE04EC0-301F-11D3-BF4B-00C04F79EFBC}") = "lab7", "lab7\lab7.csproj", "{E2D9E4C3-1631-4DA3-8E30-D25C734F637F}"
EndProject
Project("{9A19103F-16F7-4668-BE54-9A1E7A4F7556}") = "lab9", "lab9\lab9.csproj", "{411A876E-2DB3-4ACE-9828-F8299721D49E}"
EndProject
Project("{FAE04EC0-301F-11D3-BF4B-00C04F79EFBC}") = "lab8", "lab8\lab8.csproj", "{5FC5C578-1E26-4C7C-B5A8-A7277C8BAD65}"
EndProject
Global
	GlobalSection(SolutionConfigurationPlatforms) = preSolution
		Debug|Any CPU = Debug|Any CPU
		Release|Any CPU = Release|Any CPU
	EndGlobalSection
	GlobalSection(ProjectConfigurationPlatforms) = postSolution
		{9F29A66A-4B8C-4FC8-B653-9831D28A8795}.Debug|Any CPU.ActiveCfg = Debug|Any CPU
		{9F29A66A-4B8C-4FC8-B653-9831D28A8795}.Debug|Any CPU.Build.0 = Debug|Any CPU
		{9F29A66A-4B8C-4FC8-B653-9831D28A8795}.Release|Any CPU.ActiveCfg = Release|Any CPU
		{9F29A66A-4B8C-4FC8-B653-9831D28A8795}.Release|Any CPU.Build.0 = Release|Any CPU
		{417F1506-7E9C-4C8A-AFB1-BFB663D8A86A}.Debug|Any CPU.ActiveCfg = Debug|Any CPU
		{417F1506-7E9C-4C8A-AFB1-BFB663D8A86A}.Debug|Any CPU.Build.0 = Debug|Any CPU
		{417F1506-7E9C-4C8A-AFB1-BFB663D8A86A}.Release|Any CPU.ActiveCfg = Release|Any CPU
		{417F1506-7E9C-4C8A-AFB1-BFB663D8A86A}.Release|Any CPU.Build.0 = Release|Any CPU
		{ABF29D29-152E-4FF0-9E90-F6A41EBC23FF}.Debug|Any CPU.ActiveCfg = Debug|Any CPU
		{ABF29D29-152E-4FF0-9E90-F6A41EBC23FF}.Debug|Any CPU.Build.0 = Debug|Any CPU
		{ABF29D29-152E-4FF0-9E90-F6A41EBC23FF}.Release|Any CPU.ActiveCfg = Release|Any CPU
		{ABF29D29-152E-4FF0-9E90-F6A41EBC23FF}.Release|Any CPU.Build.0 = Release|Any CPU
		{0F8FC4B4-3DBA-4271-B006-F33580C953A7}.Debug|Any CPU.ActiveCfg = Debug|Any CPU
		{0F8FC4B4-3DBA-4271-B006-F33580C953A7}.Debug|Any CPU.Build.0 = Debug|Any CPU
		{0F8FC4B4-3DBA-4271-B006-F33580C953A7}.Release|Any CPU.ActiveCfg = Release|Any CPU
		{0F8FC4B4-3DBA-4271-B006-F33580C953A7}.Release|Any CPU.Build.0 = Release|Any CPU
		{7E554F29-72AB-4B92-ADA5-3F3219065F74}.Debug|Any CPU.ActiveCfg = Debug|Any CPU
		{7E554F29-72AB-4B92-ADA5-3F3219065F74}.Debug|Any CPU.Build.0 = Debug|Any CPU
		{7E554F29-72AB-4B92-ADA5-3F3219065F74}.Release|Any CPU.ActiveCfg = Release|Any CPU
		{7E554F29-72AB-4B92-ADA5-3F3219065F74}.Release|Any CPU.Build.0 = Release|Any CPU
		{B921C42B-CAA7-44FD-B83C-358CB0497E3E}.Debug|Any CPU.ActiveCfg = Debug|Any CPU
		{B921C42B-CAA7-44FD-B83C-358CB0497E3E}.Debug|Any CPU.Build.0 = Debug|Any CPU
		{B921C42B-CAA7-44FD-B83C-358CB0497E3E}.Release|Any CPU.ActiveCfg = Release|Any CPU
		{B921C42B-CAA7-44FD-B83C-358CB0497E3E}.Release|Any CPU.Build.0 = Release|Any CPU
		{E2D9E4C3-1631-4DA3-8E30-D25C734F637F}.Debug|Any CPU.ActiveCfg = Debug|Any CPU
		{E2D9E4C3-1631-4DA3-8E30-D25C734F637F}.Debug|Any CPU.Build.0 = Debug|Any CPU
		{E2D9E4C3-1631-4DA3-8E30-D25C734F637F}.Release|Any CPU.ActiveCfg = Release|Any CPU
		{E2D9E4C3-1631-4DA3-8E30-D25C734F637F}.Release|Any CPU.Build.0 = Release|Any CPU
		{411A876E-2DB3-4ACE-9828-F8299721D49E}.Debug|Any CPU.ActiveCfg = Debug|Any CPU
		{411A876E-2DB3-4ACE-9828-F8299721D49E}.Debug|Any CPU.Build.0 = Debug|Any CPU
		{411A876E-2DB3-4ACE-9828-F8299721D49E}.Release|Any CPU.ActiveCfg = Release|Any CPU
		{411A876E-2DB3-4ACE-9828-F8299721D49E}.Release|Any CPU.Build.0 = Release|Any CPU
		{5FC5C578-1E26-4C7C-B5A8-A7277C8BAD65}.Debug|Any CPU.ActiveCfg = Debug|Any CPU
		{5FC5C578-1E26-4C7C-B5A8-A7277C8BAD65}.Debug|Any CPU.Build.0 = Debug|Any CPU
		{5FC5C578-1E26-4C7C-B5A8-A7277C8BAD65}.Release|Any CPU.ActiveCfg = Release|Any CPU
		{5FC5C578-1E26-4C7C-B5A8-A7277C8BAD65}.Release|Any CPU.Build.0 = Release|Any CPU
	EndGlobalSection
	GlobalSection(SolutionProperties) = preSolution
		HideSolutionNode = FALSE
	EndGlobalSection
	GlobalSection(ExtensibilityGlobals) = postSolution
		SolutionGuid = {E026F572-5944-40FC-AF28-11CC3B41FE7C}
	EndGlobalSection
EndGlobal
